
Microsoft Visual Studio Solution File, Format Version 12.00
# Visual Studio 15
VisualStudioVersion = 15.0.27428.2027
MinimumVisualStudioVersion = 10.0.40219.1
Project("{FAE04EC0-301F-11D3-BF4B-00C04F79EFBC}") = "WindowsFormsApp", "WindowsFormsApp1\WindowsFormsApp.csproj", "{5CC3B4FE-8425-4E5B-864A-C083D2FAB251}"
EndProject
Project("{FAE04EC0-301F-11D3-BF4B-00C04F79EFBC}") = "ConsoleApp", "ConsoleApp1\ConsoleApp.csproj", "{C9E9926E-8242-46DD-9623-4D22412B2BE3}"
EndProject
Project("{9A19103F-16F7-4668-BE54-9A1E7A4F7556}") = "TicTacToeEngine", "ClassLibrary1\TicTacToeEngine.csproj", "{BE2B08E4-A42E-4A8A-B169-96D044BE3CED}"
EndProject
Project("{FAE04EC0-301F-11D3-BF4B-00C04F79EFBC}") = "practicum2", "..\..\..\Desktop\practicum2_leeg\practicum2\practicum2.csproj", "{0965596A-3A12-4C94-95A6-A9C4CB26EA3C}"
EndProject
Global
	GlobalSection(SolutionConfigurationPlatforms) = preSolution
		Debug|Any CPU = Debug|Any CPU
		Debug|x86 = Debug|x86
		Release|Any CPU = Release|Any CPU
		Release|x86 = Release|x86
	EndGlobalSection
	GlobalSection(ProjectConfigurationPlatforms) = postSolution
		{5CC3B4FE-8425-4E5B-864A-C083D2FAB251}.Debug|Any CPU.ActiveCfg = Debug|Any CPU
		{5CC3B4FE-8425-4E5B-864A-C083D2FAB251}.Debug|Any CPU.Build.0 = Debug|Any CPU
		{5CC3B4FE-8425-4E5B-864A-C083D2FAB251}.Debug|x86.ActiveCfg = Debug|Any CPU
		{5CC3B4FE-8425-4E5B-864A-C083D2FAB251}.Debug|x86.Build.0 = Debug|Any CPU
		{5CC3B4FE-8425-4E5B-864A-C083D2FAB251}.Release|Any CPU.ActiveCfg = Release|Any CPU
		{5CC3B4FE-8425-4E5B-864A-C083D2FAB251}.Release|Any CPU.Build.0 = Release|Any CPU
		{5CC3B4FE-8425-4E5B-864A-C083D2FAB251}.Release|x86.ActiveCfg = Release|Any CPU
		{5CC3B4FE-8425-4E5B-864A-C083D2FAB251}.Release|x86.Build.0 = Release|Any CPU
		{C9E9926E-8242-46DD-9623-4D22412B2BE3}.Debug|Any CPU.ActiveCfg = Debug|Any CPU
		{C9E9926E-8242-46DD-9623-4D22412B2BE3}.Debug|Any CPU.Build.0 = Debug|Any CPU
		{C9E9926E-8242-46DD-9623-4D22412B2BE3}.Debug|x86.ActiveCfg = Debug|Any CPU
		{C9E9926E-8242-46DD-9623-4D22412B2BE3}.Debug|x86.Build.0 = Debug|Any CPU
		{C9E9926E-8242-46DD-9623-4D22412B2BE3}.Release|Any CPU.ActiveCfg = Release|Any CPU
		{C9E9926E-8242-46DD-9623-4D22412B2BE3}.Release|Any CPU.Build.0 = Release|Any CPU
		{C9E9926E-8242-46DD-9623-4D22412B2BE3}.Release|x86.ActiveCfg = Release|Any CPU
		{C9E9926E-8242-46DD-9623-4D22412B2BE3}.Release|x86.Build.0 = Release|Any CPU
		{BE2B08E4-A42E-4A8A-B169-96D044BE3CED}.Debug|Any CPU.ActiveCfg = Debug|Any CPU
		{BE2B08E4-A42E-4A8A-B169-96D044BE3CED}.Debug|Any CPU.Build.0 = Debug|Any CPU
		{BE2B08E4-A42E-4A8A-B169-96D044BE3CED}.Debug|x86.ActiveCfg = Debug|Any CPU
		{BE2B08E4-A42E-4A8A-B169-96D044BE3CED}.Debug|x86.Build.0 = Debug|Any CPU
		{BE2B08E4-A42E-4A8A-B169-96D044BE3CED}.Release|Any CPU.ActiveCfg = Release|Any CPU
		{BE2B08E4-A42E-4A8A-B169-96D044BE3CED}.Release|Any CPU.Build.0 = Release|Any CPU
		{BE2B08E4-A42E-4A8A-B169-96D044BE3CED}.Release|x86.ActiveCfg = Release|Any CPU
		{BE2B08E4-A42E-4A8A-B169-96D044BE3CED}.Release|x86.Build.0 = Release|Any CPU
		{0965596A-3A12-4C94-95A6-A9C4CB26EA3C}.Debug|Any CPU.ActiveCfg = Debug|x86
		{0965596A-3A12-4C94-95A6-A9C4CB26EA3C}.Debug|x86.ActiveCfg = Debug|x86
		{0965596A-3A12-4C94-95A6-A9C4CB26EA3C}.Debug|x86.Build.0 = Debug|x86
		{0965596A-3A12-4C94-95A6-A9C4CB26EA3C}.Release|Any CPU.ActiveCfg = Release|x86
		{0965596A-3A12-4C94-95A6-A9C4CB26EA3C}.Release|x86.ActiveCfg = Release|x86
		{0965596A-3A12-4C94-95A6-A9C4CB26EA3C}.Release|x86.Build.0 = Release|x86
	EndGlobalSection
	GlobalSection(SolutionProperties) = preSolution
		HideSolutionNode = FALSE
	EndGlobalSection
	GlobalSection(ExtensibilityGlobals) = postSolution
		SolutionGuid = {501D7844-6645-4909-890D-E8C4FE352EF9}
	EndGlobalSection
EndGlobal
